
Microsoft Visual Studio Solution File, Format Version 12.00
# Visual Studio Version 16
VisualStudioVersion = 16.0.31515.178
MinimumVisualStudioVersion = 10.0.40219.1
Project("{888888A0-9F3D-457C-B088-3A5042F75D52}") = "course project 2", "course project 2.pyproj", "{69B081EE-EE7B-4E6D-920C-056DC289DFC9}"
EndProject
Global
	GlobalSection(SolutionConfigurationPlatforms) = preSolution
		Debug|Any CPU = Debug|Any CPU
		Release|Any CPU = Release|Any CPU
	EndGlobalSection
	GlobalSection(ProjectConfigurationPlatforms) = postSolution
		{69B081EE-EE7B-4E6D-920C-056DC289DFC9}.Debug|Any CPU.ActiveCfg = Debug|Any CPU
		{69B081EE-EE7B-4E6D-920C-056DC289DFC9}.Release|Any CPU.ActiveCfg = Release|Any CPU
	EndGlobalSection
	GlobalSection(SolutionProperties) = preSolution
		HideSolutionNode = FALSE
	EndGlobalSection
	GlobalSection(ExtensibilityGlobals) = postSolution
		SolutionGuid = {A11FA986-BE80-4862-B5BC-F613CD1D5464}
	EndGlobalSection
EndGlobal
